// !$*UTF8*$!
{
	archiveVersion = 1;
	classes = {
	};
	objectVersion = 56;
	objects = {

/* Begin PBXBuildFile section */
		A44D1F222C248269009C9DB0 /* TodoItem.swift in Sources */ = {isa = PBXBuildFile; fileRef = A44D1F212C248269009C9DB0 /* TodoItem.swift */; };
		A44D1F242C24829F009C9DB0 /* DateConverterHelper.swift in Sources */ = {isa = PBXBuildFile; fileRef = A44D1F232C24829F009C9DB0 /* DateConverterHelper.swift */; };
		A44D1F262C24834E009C9DB0 /* FileCache.swift in Sources */ = {isa = PBXBuildFile; fileRef = A44D1F252C24834E009C9DB0 /* FileCache.swift */; };
		A45594132C23719E0090F607 /* ToDoshkaApp.swift in Sources */ = {isa = PBXBuildFile; fileRef = A45594122C23719E0090F607 /* ToDoshkaApp.swift */; };
		A45594172C2371A00090F607 /* Assets.xcassets in Resources */ = {isa = PBXBuildFile; fileRef = A45594162C2371A00090F607 /* Assets.xcassets */; };
		A455941A2C2371A00090F607 /* Preview Assets.xcassets in Resources */ = {isa = PBXBuildFile; fileRef = A45594192C2371A00090F607 /* Preview Assets.xcassets */; };
		A45F21822C26890F00E822F6 /* ToDoshkaUnitTests.swift in Sources */ = {isa = PBXBuildFile; fileRef = A45F21812C26890F00E822F6 /* ToDoshkaUnitTests.swift */; };
		A47AE8972C384BBA004731BC /* CalendarToDoView.swift in Sources */ = {isa = PBXBuildFile; fileRef = A47AE8962C384BBA004731BC /* CalendarToDoView.swift */; };
		A47AE89A2C384C1C004731BC /* CalendarViewController.swift in Sources */ = {isa = PBXBuildFile; fileRef = A47AE8992C384C1C004731BC /* CalendarViewController.swift */; };
		A47AE89C2C3851D1004731BC /* CalendarAndButtonView.swift in Sources */ = {isa = PBXBuildFile; fileRef = A47AE89B2C3851D1004731BC /* CalendarAndButtonView.swift */; };
		A47AE8A02C385A69004731BC /* DateCollectionViewCell.swift in Sources */ = {isa = PBXBuildFile; fileRef = A47AE89F2C385A69004731BC /* DateCollectionViewCell.swift */; };
		A48C5F7E2C2F197C00AE0C62 /* ToDoListView.swift in Sources */ = {isa = PBXBuildFile; fileRef = A48C5F7D2C2F197C00AE0C62 /* ToDoListView.swift */; };
		A48C5F802C2F19AE00AE0C62 /* DetailedToDoView.swift in Sources */ = {isa = PBXBuildFile; fileRef = A48C5F7F2C2F19AE00AE0C62 /* DetailedToDoView.swift */; };
		A48C5F822C2F1AA300AE0C62 /* Colors.xcassets in Resources */ = {isa = PBXBuildFile; fileRef = A48C5F812C2F1AA300AE0C62 /* Colors.xcassets */; };
		A48C5F862C2F615C00AE0C62 /* KeyboardOffset.swift in Sources */ = {isa = PBXBuildFile; fileRef = A48C5F852C2F615C00AE0C62 /* KeyboardOffset.swift */; };
		A48C5F8B2C2F777300AE0C62 /* Orientation.swift in Sources */ = {isa = PBXBuildFile; fileRef = A48C5F8A2C2F777300AE0C62 /* Orientation.swift */; };
		A48C5F8E2C2F796600AE0C62 /* ToDoListViewModel.swift in Sources */ = {isa = PBXBuildFile; fileRef = A48C5F8D2C2F796600AE0C62 /* ToDoListViewModel.swift */; };
		A48C5F902C2F841700AE0C62 /* ToDoListRaw.swift in Sources */ = {isa = PBXBuildFile; fileRef = A48C5F8F2C2F841700AE0C62 /* ToDoListRaw.swift */; };
/* End PBXBuildFile section */

/* Begin PBXContainerItemProxy section */
		A45F21832C26890F00E822F6 /* PBXContainerItemProxy */ = {
			isa = PBXContainerItemProxy;
			containerPortal = A45594072C23719E0090F607 /* Project object */;
			proxyType = 1;
			remoteGlobalIDString = A455940E2C23719E0090F607;
			remoteInfo = ToDoshka;
		};
/* End PBXContainerItemProxy section */

/* Begin PBXFileReference section */
		A44D1F212C248269009C9DB0 /* TodoItem.swift */ = {isa = PBXFileReference; fileEncoding = 4; lastKnownFileType = sourcecode.swift; path = TodoItem.swift; sourceTree = "<group>"; };
		A44D1F232C24829F009C9DB0 /* DateConverterHelper.swift */ = {isa = PBXFileReference; fileEncoding = 4; lastKnownFileType = sourcecode.swift; path = DateConverterHelper.swift; sourceTree = "<group>"; };
		A44D1F252C24834E009C9DB0 /* FileCache.swift */ = {isa = PBXFileReference; lastKnownFileType = sourcecode.swift; path = FileCache.swift; sourceTree = "<group>"; };
		A455940F2C23719E0090F607 /* ToDoshka.app */ = {isa = PBXFileReference; explicitFileType = wrapper.application; includeInIndex = 0; path = ToDoshka.app; sourceTree = BUILT_PRODUCTS_DIR; };
		A45594122C23719E0090F607 /* ToDoshkaApp.swift */ = {isa = PBXFileReference; lastKnownFileType = sourcecode.swift; path = ToDoshkaApp.swift; sourceTree = "<group>"; };
		A45594162C2371A00090F607 /* Assets.xcassets */ = {isa = PBXFileReference; lastKnownFileType = folder.assetcatalog; path = Assets.xcassets; sourceTree = "<group>"; };
		A45594192C2371A00090F607 /* Preview Assets.xcassets */ = {isa = PBXFileReference; lastKnownFileType = folder.assetcatalog; path = "Preview Assets.xcassets"; sourceTree = "<group>"; };
		A45F217F2C26890F00E822F6 /* ToDoshkaUnitTests.xctest */ = {isa = PBXFileReference; explicitFileType = wrapper.cfbundle; includeInIndex = 0; path = ToDoshkaUnitTests.xctest; sourceTree = BUILT_PRODUCTS_DIR; };
		A45F21812C26890F00E822F6 /* ToDoshkaUnitTests.swift */ = {isa = PBXFileReference; lastKnownFileType = sourcecode.swift; path = ToDoshkaUnitTests.swift; sourceTree = "<group>"; };
		A47AE8962C384BBA004731BC /* CalendarToDoView.swift */ = {isa = PBXFileReference; lastKnownFileType = sourcecode.swift; path = CalendarToDoView.swift; sourceTree = "<group>"; };
		A47AE8992C384C1C004731BC /* CalendarViewController.swift */ = {isa = PBXFileReference; lastKnownFileType = sourcecode.swift; path = CalendarViewController.swift; sourceTree = "<group>"; };
		A47AE89B2C3851D1004731BC /* CalendarAndButtonView.swift */ = {isa = PBXFileReference; lastKnownFileType = sourcecode.swift; path = CalendarAndButtonView.swift; sourceTree = "<group>"; };
		A47AE89F2C385A69004731BC /* DateCollectionViewCell.swift */ = {isa = PBXFileReference; lastKnownFileType = sourcecode.swift; path = DateCollectionViewCell.swift; sourceTree = "<group>"; };
		A48C5F7D2C2F197C00AE0C62 /* ToDoListView.swift */ = {isa = PBXFileReference; lastKnownFileType = sourcecode.swift; path = ToDoListView.swift; sourceTree = "<group>"; };
		A48C5F7F2C2F19AE00AE0C62 /* DetailedToDoView.swift */ = {isa = PBXFileReference; lastKnownFileType = sourcecode.swift; path = DetailedToDoView.swift; sourceTree = "<group>"; };
		A48C5F812C2F1AA300AE0C62 /* Colors.xcassets */ = {isa = PBXFileReference; lastKnownFileType = folder.assetcatalog; path = Colors.xcassets; sourceTree = "<group>"; };
		A48C5F852C2F615C00AE0C62 /* KeyboardOffset.swift */ = {isa = PBXFileReference; lastKnownFileType = sourcecode.swift; path = KeyboardOffset.swift; sourceTree = "<group>"; };
		A48C5F8A2C2F777300AE0C62 /* Orientation.swift */ = {isa = PBXFileReference; lastKnownFileType = sourcecode.swift; path = Orientation.swift; sourceTree = "<group>"; };
		A48C5F8D2C2F796600AE0C62 /* ToDoListViewModel.swift */ = {isa = PBXFileReference; lastKnownFileType = sourcecode.swift; path = ToDoListViewModel.swift; sourceTree = "<group>"; };
		A48C5F8F2C2F841700AE0C62 /* ToDoListRaw.swift */ = {isa = PBXFileReference; lastKnownFileType = sourcecode.swift; path = ToDoListRaw.swift; sourceTree = "<group>"; };
/* End PBXFileReference section */

/* Begin PBXFrameworksBuildPhase section */
		A455940C2C23719E0090F607 /* Frameworks */ = {
			isa = PBXFrameworksBuildPhase;
			buildActionMask = 2147483647;
			files = (
			);
			runOnlyForDeploymentPostprocessing = 0;
		};
		A45F217C2C26890F00E822F6 /* Frameworks */ = {
			isa = PBXFrameworksBuildPhase;
			buildActionMask = 2147483647;
			files = (
			);
			runOnlyForDeploymentPostprocessing = 0;
		};
/* End PBXFrameworksBuildPhase section */

/* Begin PBXGroup section */
		A45594062C23719E0090F607 = {
			isa = PBXGroup;
			children = (
				A45594112C23719E0090F607 /* ToDoshka */,
				A45F21802C26890F00E822F6 /* ToDoshkaUnitTests */,
				A45594102C23719E0090F607 /* Products */,
			);
			sourceTree = "<group>";
		};
		A45594102C23719E0090F607 /* Products */ = {
			isa = PBXGroup;
			children = (
				A455940F2C23719E0090F607 /* ToDoshka.app */,
				A45F217F2C26890F00E822F6 /* ToDoshkaUnitTests.xctest */,
			);
			name = Products;
			sourceTree = "<group>";
		};
		A45594112C23719E0090F607 /* ToDoshka */ = {
			isa = PBXGroup;
			children = (
				A48C5F8C2C2F794B00AE0C62 /* ViewModel */,
				A48C5F872C2F63F300AE0C62 /* ViewModifier */,
				A48C5F7C2C2F0EB600AE0C62 /* Service */,
				A48C5F7B2C2F0EA200AE0C62 /* Resources */,
				A48C5F7A2C2F0E7400AE0C62 /* Utilities */,
				A48C5F792C2F0E6500AE0C62 /* Model */,
				A48C5F782C2F0E4600AE0C62 /* View */,
				A45594182C2371A00090F607 /* Preview Content */,
			);
			path = ToDoshka;
			sourceTree = "<group>";
		};
		A45594182C2371A00090F607 /* Preview Content */ = {
			isa = PBXGroup;
			children = (
				A45594192C2371A00090F607 /* Preview Assets.xcassets */,
			);
			path = "Preview Content";
			sourceTree = "<group>";
		};
		A45F21802C26890F00E822F6 /* ToDoshkaUnitTests */ = {
			isa = PBXGroup;
			children = (
				A45F21812C26890F00E822F6 /* ToDoshkaUnitTests.swift */,
			);
			path = ToDoshkaUnitTests;
			sourceTree = "<group>";
		};
		A47AE8922C384B1A004731BC /* ToDoSUI */ = {
			isa = PBXGroup;
			children = (
				A48C5F7D2C2F197C00AE0C62 /* ToDoListView.swift */,
				A48C5F7F2C2F19AE00AE0C62 /* DetailedToDoView.swift */,
				A47AE89B2C3851D1004731BC /* CalendarAndButtonView.swift */,
			);
			path = ToDoSUI;
			sourceTree = "<group>";
		};
		A47AE8932C384B4C004731BC /* ReusableView */ = {
			isa = PBXGroup;
			children = (
				A47AE89E2C385A53004731BC /* UIKIt */,
				A47AE89D2C385A4E004731BC /* SUI */,
				A48C5F8F2C2F841700AE0C62 /* ToDoListRaw.swift */,
			);
			path = ReusableView;
			sourceTree = "<group>";
		};
		A47AE8942C384B64004731BC /* App */ = {
			isa = PBXGroup;
			children = (
				A45594122C23719E0090F607 /* ToDoshkaApp.swift */,
			);
			path = App;
			sourceTree = "<group>";
		};
		A47AE8952C384B7C004731BC /* Represantable */ = {
			isa = PBXGroup;
			children = (
				A47AE8962C384BBA004731BC /* CalendarToDoView.swift */,
			);
			path = Represantable;
			sourceTree = "<group>";
		};
		A47AE8982C384C0B004731BC /* ViewController */ = {
			isa = PBXGroup;
			children = (
				A47AE8992C384C1C004731BC /* CalendarViewController.swift */,
			);
			path = ViewController;
			sourceTree = "<group>";
		};
		A47AE89D2C385A4E004731BC /* SUI */ = {
			isa = PBXGroup;
			children = (
			);
			path = SUI;
			sourceTree = "<group>";
		};
		A47AE89E2C385A53004731BC /* UIKIt */ = {
			isa = PBXGroup;
			children = (
				A47AE89F2C385A69004731BC /* DateCollectionViewCell.swift */,
			);
			path = UIKIt;
			sourceTree = "<group>";
		};
		A48C5F782C2F0E4600AE0C62 /* View */ = {
			isa = PBXGroup;
			children = (
				A47AE8982C384C0B004731BC /* ViewController */,
				A47AE8952C384B7C004731BC /* Represantable */,
				A47AE8942C384B64004731BC /* App */,
				A47AE8932C384B4C004731BC /* ReusableView */,
				A47AE8922C384B1A004731BC /* ToDoSUI */,
			);
			path = View;
			sourceTree = "<group>";
		};
		A48C5F792C2F0E6500AE0C62 /* Model */ = {
			isa = PBXGroup;
			children = (
				A44D1F212C248269009C9DB0 /* TodoItem.swift */,
			);
			path = Model;
			sourceTree = "<group>";
		};
		A48C5F7A2C2F0E7400AE0C62 /* Utilities */ = {
			isa = PBXGroup;
			children = (
				A44D1F232C24829F009C9DB0 /* DateConverterHelper.swift */,
				A48C5F8A2C2F777300AE0C62 /* Orientation.swift */,
			);
			path = Utilities;
			sourceTree = "<group>";
		};
		A48C5F7B2C2F0EA200AE0C62 /* Resources */ = {
			isa = PBXGroup;
			children = (
				A45594162C2371A00090F607 /* Assets.xcassets */,
				A48C5F812C2F1AA300AE0C62 /* Colors.xcassets */,
			);
			path = Resources;
			sourceTree = "<group>";
		};
		A48C5F7C2C2F0EB600AE0C62 /* Service */ = {
			isa = PBXGroup;
			children = (
				A44D1F252C24834E009C9DB0 /* FileCache.swift */,
			);
			path = Service;
			sourceTree = "<group>";
		};
		A48C5F872C2F63F300AE0C62 /* ViewModifier */ = {
			isa = PBXGroup;
			children = (
				A48C5F852C2F615C00AE0C62 /* KeyboardOffset.swift */,
			);
			path = ViewModifier;
			sourceTree = "<group>";
		};
		A48C5F8C2C2F794B00AE0C62 /* ViewModel */ = {
			isa = PBXGroup;
			children = (
				A48C5F8D2C2F796600AE0C62 /* ToDoListViewModel.swift */,
			);
			path = ViewModel;
			sourceTree = "<group>";
		};
/* End PBXGroup section */

/* Begin PBXNativeTarget section */
		A455940E2C23719E0090F607 /* ToDoshka */ = {
			isa = PBXNativeTarget;
			buildConfigurationList = A455941D2C2371A00090F607 /* Build configuration list for PBXNativeTarget "ToDoshka" */;
			buildPhases = (
				A455940B2C23719E0090F607 /* Sources */,
				A455940C2C23719E0090F607 /* Frameworks */,
				A455940D2C23719E0090F607 /* Resources */,
			);
			buildRules = (
			);
			dependencies = (
			);
			name = ToDoshka;
			productName = ToDoshka;
			productReference = A455940F2C23719E0090F607 /* ToDoshka.app */;
			productType = "com.apple.product-type.application";
		};
		A45F217E2C26890F00E822F6 /* ToDoshkaUnitTests */ = {
			isa = PBXNativeTarget;
			buildConfigurationList = A45F21872C26890F00E822F6 /* Build configuration list for PBXNativeTarget "ToDoshkaUnitTests" */;
			buildPhases = (
				A45F217B2C26890F00E822F6 /* Sources */,
				A45F217C2C26890F00E822F6 /* Frameworks */,
				A45F217D2C26890F00E822F6 /* Resources */,
			);
			buildRules = (
			);
			dependencies = (
				A45F21842C26890F00E822F6 /* PBXTargetDependency */,
			);
			name = ToDoshkaUnitTests;
			productName = ToDoshkaUnitTests;
			productReference = A45F217F2C26890F00E822F6 /* ToDoshkaUnitTests.xctest */;
			productType = "com.apple.product-type.bundle.unit-test";
		};
/* End PBXNativeTarget section */

/* Begin PBXProject section */
		A45594072C23719E0090F607 /* Project object */ = {
			isa = PBXProject;
			attributes = {
				BuildIndependentTargetsInParallel = 1;
				LastSwiftUpdateCheck = 1540;
				LastUpgradeCheck = 1540;
				TargetAttributes = {
					A455940E2C23719E0090F607 = {
						CreatedOnToolsVersion = 15.4;
					};
					A45F217E2C26890F00E822F6 = {
						CreatedOnToolsVersion = 15.4;
						TestTargetID = A455940E2C23719E0090F607;
					};
				};
			};
			buildConfigurationList = A455940A2C23719E0090F607 /* Build configuration list for PBXProject "ToDoshka" */;
			compatibilityVersion = "Xcode 14.0";
			developmentRegion = en;
			hasScannedForEncodings = 0;
			knownRegions = (
				en,
				Base,
			);
			mainGroup = A45594062C23719E0090F607;
			productRefGroup = A45594102C23719E0090F607 /* Products */;
			projectDirPath = "";
			projectRoot = "";
			targets = (
				A455940E2C23719E0090F607 /* ToDoshka */,
				A45F217E2C26890F00E822F6 /* ToDoshkaUnitTests */,
			);
		};
/* End PBXProject section */

/* Begin PBXResourcesBuildPhase section */
		A455940D2C23719E0090F607 /* Resources */ = {
			isa = PBXResourcesBuildPhase;
			buildActionMask = 2147483647;
			files = (
				A48C5F822C2F1AA300AE0C62 /* Colors.xcassets in Resources */,
				A455941A2C2371A00090F607 /* Preview Assets.xcassets in Resources */,
				A45594172C2371A00090F607 /* Assets.xcassets in Resources */,
			);
			runOnlyForDeploymentPostprocessing = 0;
		};
		A45F217D2C26890F00E822F6 /* Resources */ = {
			isa = PBXResourcesBuildPhase;
			buildActionMask = 2147483647;
			files = (
			);
			runOnlyForDeploymentPostprocessing = 0;
		};
/* End PBXResourcesBuildPhase section */

/* Begin PBXSourcesBuildPhase section */
		A455940B2C23719E0090F607 /* Sources */ = {
			isa = PBXSourcesBuildPhase;
			buildActionMask = 2147483647;
			files = (
				A47AE89C2C3851D1004731BC /* CalendarAndButtonView.swift in Sources */,
				A47AE89A2C384C1C004731BC /* CalendarViewController.swift in Sources */,
				A47AE8972C384BBA004731BC /* CalendarToDoView.swift in Sources */,
				A48C5F902C2F841700AE0C62 /* ToDoListRaw.swift in Sources */,
				A48C5F8E2C2F796600AE0C62 /* ToDoListViewModel.swift in Sources */,
				A48C5F8B2C2F777300AE0C62 /* Orientation.swift in Sources */,
				A47AE8A02C385A69004731BC /* DateCollectionViewCell.swift in Sources */,
				A48C5F7E2C2F197C00AE0C62 /* ToDoListView.swift in Sources */,
				A44D1F222C248269009C9DB0 /* TodoItem.swift in Sources */,
				A48C5F862C2F615C00AE0C62 /* KeyboardOffset.swift in Sources */,
				A44D1F242C24829F009C9DB0 /* DateConverterHelper.swift in Sources */,
				A44D1F262C24834E009C9DB0 /* FileCache.swift in Sources */,
				A45594132C23719E0090F607 /* ToDoshkaApp.swift in Sources */,
				A48C5F802C2F19AE00AE0C62 /* DetailedToDoView.swift in Sources */,
			);
			runOnlyForDeploymentPostprocessing = 0;
		};
		A45F217B2C26890F00E822F6 /* Sources */ = {
			isa = PBXSourcesBuildPhase;
			buildActionMask = 2147483647;
			files = (
				A45F21822C26890F00E822F6 /* ToDoshkaUnitTests.swift in Sources */,
			);
			runOnlyForDeploymentPostprocessing = 0;
		};
/* End PBXSourcesBuildPhase section */

/* Begin PBXTargetDependency section */
		A45F21842C26890F00E822F6 /* PBXTargetDependency */ = {
			isa = PBXTargetDependency;
			target = A455940E2C23719E0090F607 /* ToDoshka */;
			targetProxy = A45F21832C26890F00E822F6 /* PBXContainerItemProxy */;
		};
/* End PBXTargetDependency section */

/* Begin XCBuildConfiguration section */
		A455941B2C2371A00090F607 /* Debug */ = {
			isa = XCBuildConfiguration;
			buildSettings = {
				ALWAYS_SEARCH_USER_PATHS = NO;
				ASSETCATALOG_COMPILER_GENERATE_SWIFT_ASSET_SYMBOL_EXTENSIONS = YES;
				CLANG_ANALYZER_NONNULL = YES;
				CLANG_ANALYZER_NUMBER_OBJECT_CONVERSION = YES_AGGRESSIVE;
				CLANG_CXX_LANGUAGE_STANDARD = "gnu++20";
				CLANG_ENABLE_MODULES = YES;
				CLANG_ENABLE_OBJC_ARC = YES;
				CLANG_ENABLE_OBJC_WEAK = YES;
				CLANG_WARN_BLOCK_CAPTURE_AUTORELEASING = YES;
				CLANG_WARN_BOOL_CONVERSION = YES;
				CLANG_WARN_COMMA = YES;
				CLANG_WARN_CONSTANT_CONVERSION = YES;
				CLANG_WARN_DEPRECATED_OBJC_IMPLEMENTATIONS = YES;
				CLANG_WARN_DIRECT_OBJC_ISA_USAGE = YES_ERROR;
				CLANG_WARN_DOCUMENTATION_COMMENTS = YES;
				CLANG_WARN_EMPTY_BODY = YES;
				CLANG_WARN_ENUM_CONVERSION = YES;
				CLANG_WARN_INFINITE_RECURSION = YES;
				CLANG_WARN_INT_CONVERSION = YES;
				CLANG_WARN_NON_LITERAL_NULL_CONVERSION = YES;
				CLANG_WARN_OBJC_IMPLICIT_RETAIN_SELF = YES;
				CLANG_WARN_OBJC_LITERAL_CONVERSION = YES;
				CLANG_WARN_OBJC_ROOT_CLASS = YES_ERROR;
				CLANG_WARN_QUOTED_INCLUDE_IN_FRAMEWORK_HEADER = YES;
				CLANG_WARN_RANGE_LOOP_ANALYSIS = YES;
				CLANG_WARN_STRICT_PROTOTYPES = YES;
				CLANG_WARN_SUSPICIOUS_MOVE = YES;
				CLANG_WARN_UNGUARDED_AVAILABILITY = YES_AGGRESSIVE;
				CLANG_WARN_UNREACHABLE_CODE = YES;
				CLANG_WARN__DUPLICATE_METHOD_MATCH = YES;
				COPY_PHASE_STRIP = NO;
				DEBUG_INFORMATION_FORMAT = dwarf;
				ENABLE_STRICT_OBJC_MSGSEND = YES;
				ENABLE_TESTABILITY = YES;
				ENABLE_USER_SCRIPT_SANDBOXING = YES;
				GCC_C_LANGUAGE_STANDARD = gnu17;
				GCC_DYNAMIC_NO_PIC = NO;
				GCC_NO_COMMON_BLOCKS = YES;
				GCC_OPTIMIZATION_LEVEL = 0;
				GCC_PREPROCESSOR_DEFINITIONS = (
					"DEBUG=1",
					"$(inherited)",
				);
				GCC_WARN_64_TO_32_BIT_CONVERSION = YES;
				GCC_WARN_ABOUT_RETURN_TYPE = YES_ERROR;
				GCC_WARN_UNDECLARED_SELECTOR = YES;
				GCC_WARN_UNINITIALIZED_AUTOS = YES_AGGRESSIVE;
				GCC_WARN_UNUSED_FUNCTION = YES;
				GCC_WARN_UNUSED_VARIABLE = YES;
				IPHONEOS_DEPLOYMENT_TARGET = 17.5;
				LOCALIZATION_PREFERS_STRING_CATALOGS = YES;
				MTL_ENABLE_DEBUG_INFO = INCLUDE_SOURCE;
				MTL_FAST_MATH = YES;
				ONLY_ACTIVE_ARCH = YES;
				SDKROOT = iphoneos;
				SWIFT_ACTIVE_COMPILATION_CONDITIONS = "DEBUG $(inherited)";
				SWIFT_OPTIMIZATION_LEVEL = "-Onone";
			};
			name = Debug;
		};
		A455941C2C2371A00090F607 /* Release */ = {
			isa = XCBuildConfiguration;
			buildSettings = {
				ALWAYS_SEARCH_USER_PATHS = NO;
				ASSETCATALOG_COMPILER_GENERATE_SWIFT_ASSET_SYMBOL_EXTENSIONS = YES;
				CLANG_ANALYZER_NONNULL = YES;
				CLANG_ANALYZER_NUMBER_OBJECT_CONVERSION = YES_AGGRESSIVE;
				CLANG_CXX_LANGUAGE_STANDARD = "gnu++20";
				CLANG_ENABLE_MODULES = YES;
				CLANG_ENABLE_OBJC_ARC = YES;
				CLANG_ENABLE_OBJC_WEAK = YES;
				CLANG_WARN_BLOCK_CAPTURE_AUTORELEASING = YES;
				CLANG_WARN_BOOL_CONVERSION = YES;
				CLANG_WARN_COMMA = YES;
				CLANG_WARN_CONSTANT_CONVERSION = YES;
				CLANG_WARN_DEPRECATED_OBJC_IMPLEMENTATIONS = YES;
				CLANG_WARN_DIRECT_OBJC_ISA_USAGE = YES_ERROR;
				CLANG_WARN_DOCUMENTATION_COMMENTS = YES;
				CLANG_WARN_EMPTY_BODY = YES;
				CLANG_WARN_ENUM_CONVERSION = YES;
				CLANG_WARN_INFINITE_RECURSION = YES;
				CLANG_WARN_INT_CONVERSION = YES;
				CLANG_WARN_NON_LITERAL_NULL_CONVERSION = YES;
				CLANG_WARN_OBJC_IMPLICIT_RETAIN_SELF = YES;
				CLANG_WARN_OBJC_LITERAL_CONVERSION = YES;
				CLANG_WARN_OBJC_ROOT_CLASS = YES_ERROR;
				CLANG_WARN_QUOTED_INCLUDE_IN_FRAMEWORK_HEADER = YES;
				CLANG_WARN_RANGE_LOOP_ANALYSIS = YES;
				CLANG_WARN_STRICT_PROTOTYPES = YES;
				CLANG_WARN_SUSPICIOUS_MOVE = YES;
				CLANG_WARN_UNGUARDED_AVAILABILITY = YES_AGGRESSIVE;
				CLANG_WARN_UNREACHABLE_CODE = YES;
				CLANG_WARN__DUPLICATE_METHOD_MATCH = YES;
				COPY_PHASE_STRIP = NO;
				DEBUG_INFORMATION_FORMAT = "dwarf-with-dsym";
				ENABLE_NS_ASSERTIONS = NO;
				ENABLE_STRICT_OBJC_MSGSEND = YES;
				ENABLE_USER_SCRIPT_SANDBOXING = YES;
				GCC_C_LANGUAGE_STANDARD = gnu17;
				GCC_NO_COMMON_BLOCKS = YES;
				GCC_WARN_64_TO_32_BIT_CONVERSION = YES;
				GCC_WARN_ABOUT_RETURN_TYPE = YES_ERROR;
				GCC_WARN_UNDECLARED_SELECTOR = YES;
				GCC_WARN_UNINITIALIZED_AUTOS = YES_AGGRESSIVE;
				GCC_WARN_UNUSED_FUNCTION = YES;
				GCC_WARN_UNUSED_VARIABLE = YES;
				IPHONEOS_DEPLOYMENT_TARGET = 17.5;
				LOCALIZATION_PREFERS_STRING_CATALOGS = YES;
				MTL_ENABLE_DEBUG_INFO = NO;
				MTL_FAST_MATH = YES;
				SDKROOT = iphoneos;
				SWIFT_COMPILATION_MODE = wholemodule;
				VALIDATE_PRODUCT = YES;
			};
			name = Release;
		};
		A455941E2C2371A00090F607 /* Debug */ = {
			isa = XCBuildConfiguration;
			buildSettings = {
				ASSETCATALOG_COMPILER_APPICON_NAME = AppIcon;
				ASSETCATALOG_COMPILER_GLOBAL_ACCENT_COLOR_NAME = AccentColor;
				CODE_SIGN_STYLE = Automatic;
				CURRENT_PROJECT_VERSION = 1;
				DEVELOPMENT_ASSET_PATHS = "\"ToDoshka/Preview Content\"";
				DEVELOPMENT_TEAM = 82HCH9V652;
				ENABLE_PREVIEWS = YES;
				GENERATE_INFOPLIST_FILE = YES;
				INFOPLIST_KEY_UIApplicationSceneManifest_Generation = YES;
				INFOPLIST_KEY_UIApplicationSupportsIndirectInputEvents = YES;
				INFOPLIST_KEY_UILaunchScreen_Generation = YES;
				INFOPLIST_KEY_UISupportedInterfaceOrientations_iPad = "UIInterfaceOrientationPortrait UIInterfaceOrientationPortraitUpsideDown UIInterfaceOrientationLandscapeLeft UIInterfaceOrientationLandscapeRight";
				INFOPLIST_KEY_UISupportedInterfaceOrientations_iPhone = "UIInterfaceOrientationPortrait UIInterfaceOrientationLandscapeLeft UIInterfaceOrientationLandscapeRight";
				LD_RUNPATH_SEARCH_PATHS = (
					"$(inherited)",
					"@executable_path/Frameworks",
				);
				MARKETING_VERSION = 1.0;
				PRODUCT_BUNDLE_IDENTIFIER = com.tumbersa.ToDoshka;
				PRODUCT_NAME = "$(TARGET_NAME)";
				SWIFT_EMIT_LOC_STRINGS = YES;
				SWIFT_VERSION = 5.0;
				TARGETED_DEVICE_FAMILY = "1,2";
			};
			name = Debug;
		};
		A455941F2C2371A00090F607 /* Release */ = {
			isa = XCBuildConfiguration;
			buildSettings = {
				ASSETCATALOG_COMPILER_APPICON_NAME = AppIcon;
				ASSETCATALOG_COMPILER_GLOBAL_ACCENT_COLOR_NAME = AccentColor;
				CODE_SIGN_STYLE = Automatic;
				CURRENT_PROJECT_VERSION = 1;
				DEVELOPMENT_ASSET_PATHS = "\"ToDoshka/Preview Content\"";
				DEVELOPMENT_TEAM = 82HCH9V652;
				ENABLE_PREVIEWS = YES;
				GENERATE_INFOPLIST_FILE = YES;
				INFOPLIST_KEY_UIApplicationSceneManifest_Generation = YES;
				INFOPLIST_KEY_UIApplicationSupportsIndirectInputEvents = YES;
				INFOPLIST_KEY_UILaunchScreen_Generation = YES;
				INFOPLIST_KEY_UISupportedInterfaceOrientations_iPad = "UIInterfaceOrientationPortrait UIInterfaceOrientationPortraitUpsideDown UIInterfaceOrientationLandscapeLeft UIInterfaceOrientationLandscapeRight";
				INFOPLIST_KEY_UISupportedInterfaceOrientations_iPhone = "UIInterfaceOrientationPortrait UIInterfaceOrientationLandscapeLeft UIInterfaceOrientationLandscapeRight";
				LD_RUNPATH_SEARCH_PATHS = (
					"$(inherited)",
					"@executable_path/Frameworks",
				);
				MARKETING_VERSION = 1.0;
				PRODUCT_BUNDLE_IDENTIFIER = com.tumbersa.ToDoshka;
				PRODUCT_NAME = "$(TARGET_NAME)";
				SWIFT_EMIT_LOC_STRINGS = YES;
				SWIFT_VERSION = 5.0;
				TARGETED_DEVICE_FAMILY = "1,2";
			};
			name = Release;
		};
		A45F21852C26890F00E822F6 /* Debug */ = {
			isa = XCBuildConfiguration;
			buildSettings = {
				BUNDLE_LOADER = "$(TEST_HOST)";
				CODE_SIGN_STYLE = Automatic;
				CURRENT_PROJECT_VERSION = 1;
				DEVELOPMENT_TEAM = 82HCH9V652;
				GENERATE_INFOPLIST_FILE = YES;
				MARKETING_VERSION = 1.0;
				PRODUCT_BUNDLE_IDENTIFIER = com.tumbersa.ToDoshkaUnitTests;
				PRODUCT_NAME = "$(TARGET_NAME)";
				SUPPORTED_PLATFORMS = "iphoneos iphonesimulator";
				SUPPORTS_MACCATALYST = NO;
				SUPPORTS_MAC_DESIGNED_FOR_IPHONE_IPAD = NO;
				SUPPORTS_XR_DESIGNED_FOR_IPHONE_IPAD = NO;
				SWIFT_EMIT_LOC_STRINGS = NO;
				SWIFT_VERSION = 5.0;
				TARGETED_DEVICE_FAMILY = "1,2";
				TEST_HOST = "$(BUILT_PRODUCTS_DIR)/ToDoshka.app/$(BUNDLE_EXECUTABLE_FOLDER_PATH)/ToDoshka";
			};
			name = Debug;
		};
		A45F21862C26890F00E822F6 /* Release */ = {
			isa = XCBuildConfiguration;
			buildSettings = {
				BUNDLE_LOADER = "$(TEST_HOST)";
				CODE_SIGN_STYLE = Automatic;
				CURRENT_PROJECT_VERSION = 1;
				DEVELOPMENT_TEAM = 82HCH9V652;
				GENERATE_INFOPLIST_FILE = YES;
				MARKETING_VERSION = 1.0;
				PRODUCT_BUNDLE_IDENTIFIER = com.tumbersa.ToDoshkaUnitTests;
				PRODUCT_NAME = "$(TARGET_NAME)";
				SUPPORTED_PLATFORMS = "iphoneos iphonesimulator";
				SUPPORTS_MACCATALYST = NO;
				SUPPORTS_MAC_DESIGNED_FOR_IPHONE_IPAD = NO;
				SUPPORTS_XR_DESIGNED_FOR_IPHONE_IPAD = NO;
				SWIFT_EMIT_LOC_STRINGS = NO;
				SWIFT_VERSION = 5.0;
				TARGETED_DEVICE_FAMILY = "1,2";
				TEST_HOST = "$(BUILT_PRODUCTS_DIR)/ToDoshka.app/$(BUNDLE_EXECUTABLE_FOLDER_PATH)/ToDoshka";
			};
			name = Release;
		};
/* End XCBuildConfiguration section */

/* Begin XCConfigurationList section */
		A455940A2C23719E0090F607 /* Build configuration list for PBXProject "ToDoshka" */ = {
			isa = XCConfigurationList;
			buildConfigurations = (
				A455941B2C2371A00090F607 /* Debug */,
				A455941C2C2371A00090F607 /* Release */,
			);
			defaultConfigurationIsVisible = 0;
			defaultConfigurationName = Release;
		};
		A455941D2C2371A00090F607 /* Build configuration list for PBXNativeTarget "ToDoshka" */ = {
			isa = XCConfigurationList;
			buildConfigurations = (
				A455941E2C2371A00090F607 /* Debug */,
				A455941F2C2371A00090F607 /* Release */,
			);
			defaultConfigurationIsVisible = 0;
			defaultConfigurationName = Release;
		};
		A45F21872C26890F00E822F6 /* Build configuration list for PBXNativeTarget "ToDoshkaUnitTests" */ = {
			isa = XCConfigurationList;
			buildConfigurations = (
				A45F21852C26890F00E822F6 /* Debug */,
				A45F21862C26890F00E822F6 /* Release */,
			);
			defaultConfigurationIsVisible = 0;
			defaultConfigurationName = Release;
		};
/* End XCConfigurationList section */
	};
	rootObject = A45594072C23719E0090F607 /* Project object */;
}
